
Microsoft Visual Studio Solution File, Format Version 12.00
# Visual Studio Version 17
VisualStudioVersion = 17.11.35219.272
MinimumVisualStudioVersion = 10.0.40219.1
Project("{FAE04EC0-301F-11D3-BF4B-00C04F79EFBC}") = "SistemaBanco", "SistemaBanco.csproj", "{AABF8FFF-0EDB-42E5-90DC-FCFE7FE3C687}"
EndProject
Global
	GlobalSection(SolutionConfigurationPlatforms) = preSolution
		Debug|Any CPU = Debug|Any CPU
		Release|Any CPU = Release|Any CPU
	EndGlobalSection
	GlobalSection(ProjectConfigurationPlatforms) = postSolution
		{AABF8FFF-0EDB-42E5-90DC-FCFE7FE3C687}.Debug|Any CPU.ActiveCfg = Debug|Any CPU
		{AABF8FFF-0EDB-42E5-90DC-FCFE7FE3C687}.Debug|Any CPU.Build.0 = Debug|Any CPU
		{AABF8FFF-0EDB-42E5-90DC-FCFE7FE3C687}.Release|Any CPU.ActiveCfg = Release|Any CPU
		{AABF8FFF-0EDB-42E5-90DC-FCFE7FE3C687}.Release|Any CPU.Build.0 = Release|Any CPU
	EndGlobalSection
	GlobalSection(SolutionProperties) = preSolution
		HideSolutionNode = FALSE
	EndGlobalSection
	GlobalSection(ExtensibilityGlobals) = postSolution
		SolutionGuid = {81855675-9F6E-4D02-A7E7-2BDE0E26182B}
	EndGlobalSection
EndGlobal
